
Microsoft Visual Studio Solution File, Format Version 12.00
# Visual Studio Version 16
VisualStudioVersion = 16.0.31019.35
MinimumVisualStudioVersion = 10.0.40219.1
Project("{9A19103F-16F7-4668-BE54-9A1E7A4F7556}") = "The Please Don't Fail Me Simulator", "The Please Don't Fail Me Simulator\The Please Don't Fail Me Simulator.csproj", "{B99EE0EB-A301-4053-84A4-2B2B06A95C44}"
EndProject
Global
	GlobalSection(SolutionConfigurationPlatforms) = preSolution
		Debug|Any CPU = Debug|Any CPU
		Release|Any CPU = Release|Any CPU
	EndGlobalSection
	GlobalSection(ProjectConfigurationPlatforms) = postSolution
		{B99EE0EB-A301-4053-84A4-2B2B06A95C44}.Debug|Any CPU.ActiveCfg = Release|Any CPU
		{B99EE0EB-A301-4053-84A4-2B2B06A95C44}.Debug|Any CPU.Build.0 = Release|Any CPU
		{B99EE0EB-A301-4053-84A4-2B2B06A95C44}.Release|Any CPU.ActiveCfg = Release|Any CPU
		{B99EE0EB-A301-4053-84A4-2B2B06A95C44}.Release|Any CPU.Build.0 = Release|Any CPU
	EndGlobalSection
	GlobalSection(SolutionProperties) = preSolution
		HideSolutionNode = FALSE
	EndGlobalSection
	GlobalSection(ExtensibilityGlobals) = postSolution
		SolutionGuid = {57B16EF7-9519-493C-BAA4-327C55B3CFBC}
	EndGlobalSection
EndGlobal
